[ "edown": {:git, "git://github.com/esl/edown.git", "1f6954ce8f313139385110f68c18c17adb2723f8", [{:ref, "HEAD"}]},
  "gate": {:git, "https://github.com/ananthakumaran/gate.git", "1d1dfa5e3e958cf6e9db668ff62e03697397d259", []},
  "gen_ets": {:git, "git://github.com/norton/gen-ets.git", "0aef2afc1b8ca604be41a06dc017a27e89a2cc0d", []},
  "httpotion": {:git, "git://github.com/myfreeweb/httpotion.git", "f7ed4006c39efde9954ef637abdb5583ac63142d", []},
  "ibrowse": {:git, "git://github.com/cmullaparthi/ibrowse.git", "866b0ff5aca229f1ef53653eabc8ed1720c13cd6", []},
  "jsex": {:git, "git://github.com/talentdeficit/jsex.git", "95492e9a4f418c10ff1c74d669d89ca5e8ac4d67", []},
  "jsx": {:git, "git://github.com/talentdeficit/jsx.git", "e50af6e109cb03bd26acf715cbc77de746507d1d", [{:tag, "v1.4.3"}]},
  "lets": {:git, "https://github.com/norton/lets.git", "ab049506f26ae0317e126e8daf2fa0e891cdc6c1", []},
  "qc": {:git, "git://github.com/norton/qc.git", "5644e39fe3d673ca2607f268d2542ef0268c24d8", []},
  "sext": {:git, "git://github.com/norton/sext.git", "3af54780327d02f5907c732be588e342bc876691", []},
  "strftimerl": {:git, "https://github.com/kennystone/strftimerl", "c72f39c42caa974bf9c7a42ff6e522d09b2ad826", []} ]
